
Microsoft Visual Studio Solution File, Format Version 11.00
# Visual Studio 2010
Project("{FAE04EC0-301F-11D3-BF4B-00C04F79EFBC}") = "Euler", "Euler\Euler.csproj", "{BED17A7E-28AE-43E6-BC6B-8855F6292449}"
EndProject
Project("{FAE04EC0-301F-11D3-BF4B-00C04F79EFBC}") = "Problem1", "Problem1\Problem1.csproj", "{881FD978-B8EF-452F-AA40-91DB79A87A34}"
EndProject
Project("{FAE04EC0-301F-11D3-BF4B-00C04F79EFBC}") = "Problem2", "Problem2\Problem2.csproj", "{F59929C1-20B1-4E9A-92F5-3D8894EAB0AA}"
EndProject
Project("{FAE04EC0-301F-11D3-BF4B-00C04F79EFBC}") = "Problem3", "Problem3\Problem3.csproj", "{8BFF3713-1B9C-4495-BAE5-63180EBC12ED}"
EndProject
Project("{FAE04EC0-301F-11D3-BF4B-00C04F79EFBC}") = "Problem4", "Problem4\Problem4.csproj", "{0630B585-D94D-426D-8E1A-C5FFDD6B03A0}"
EndProject
Project("{FAE04EC0-301F-11D3-BF4B-00C04F79EFBC}") = "Problem5", "Problem5\Problem5.csproj", "{3737939A-166B-4E37-AB68-BA0083716737}"
EndProject
Project("{FAE04EC0-301F-11D3-BF4B-00C04F79EFBC}") = "Problem6", "Problem6\Problem6.csproj", "{2006175D-45F7-42FE-86B6-AFA54E2B4074}"
EndProject
Project("{FAE04EC0-301F-11D3-BF4B-00C04F79EFBC}") = "Problem7", "Problem7\Problem7.csproj", "{49F05868-2794-496B-A15D-2E08C9240C40}"
EndProject
Project("{FAE04EC0-301F-11D3-BF4B-00C04F79EFBC}") = "Problem10", "Problem10\Problem10.csproj", "{B730AE50-6185-485B-B267-D13944B09730}"
EndProject
Project("{FAE04EC0-301F-11D3-BF4B-00C04F79EFBC}") = "Problem20", "Problem20\Problem20.csproj", "{2EBC6236-17AE-4854-A3FB-C1673D133C44}"
EndProject
Project("{FAE04EC0-301F-11D3-BF4B-00C04F79EFBC}") = "Problem25", "Problem25\Problem25.csproj", "{D3187D4E-D27E-43DC-9374-D85D127BDEF8}"
EndProject
Project("{FAE04EC0-301F-11D3-BF4B-00C04F79EFBC}") = "Problem45", "Problem45\Problem45.csproj", "{0E94FA44-8B81-4AA0-A286-E58440FCE29B}"
EndProject
Project("{FAE04EC0-301F-11D3-BF4B-00C04F79EFBC}") = "Problem32", "Problem32\Problem32.csproj", "{9DEA1732-AD48-4CFB-99A6-A2CFDFD46093}"
EndProject
Project("{FAE04EC0-301F-11D3-BF4B-00C04F79EFBC}") = "Problem237", "Problem237\Problem237.csproj", "{4893D670-B196-4A7C-B074-A4C24FEC5655}"
EndProject
Project("{FAE04EC0-301F-11D3-BF4B-00C04F79EFBC}") = "Problem8", "Problem8\Problem8.csproj", "{321F2055-2D9A-417C-9F8E-7F692556B265}"
EndProject
Project("{FAE04EC0-301F-11D3-BF4B-00C04F79EFBC}") = "Problem9", "Problem9\Problem9.csproj", "{13232EAD-E054-4E22-B90B-6E8C96165B15}"
EndProject
Project("{FAE04EC0-301F-11D3-BF4B-00C04F79EFBC}") = "Problem13", "Problem13\Problem13.csproj", "{A5586CEF-8B9C-4C9A-B5C0-92BF4A2CE520}"
EndProject
Project("{FAE04EC0-301F-11D3-BF4B-00C04F79EFBC}") = "Problem12", "Problem12\Problem12.csproj", "{8D0E5DDE-D82C-44EB-9B64-7CE18D6472CD}"
EndProject
Project("{FAE04EC0-301F-11D3-BF4B-00C04F79EFBC}") = "Problem11", "Problem11\Problem11.csproj", "{D0D68013-8F08-4FE6-9445-FB45459CC070}"
EndProject
Project("{FAE04EC0-301F-11D3-BF4B-00C04F79EFBC}") = "Problem17", "Problem17\Problem17.csproj", "{049D228F-F120-4C0A-83E6-97F1BF74BBF1}"
EndProject
Project("{FAE04EC0-301F-11D3-BF4B-00C04F79EFBC}") = "Problem26", "Problem26\Problem26.csproj", "{3C9F76F5-0003-4D09-9038-E26C98007037}"
EndProject
Project("{FAE04EC0-301F-11D3-BF4B-00C04F79EFBC}") = "Problem21", "Problem21\Problem21.csproj", "{D99C5919-43B8-4A95-A730-E1BD69C3E2E7}"
EndProject
Project("{FAE04EC0-301F-11D3-BF4B-00C04F79EFBC}") = "Problem14", "Problem14\Problem14.csproj", "{74DFD077-363C-477C-BD48-F521DB434F05}"
EndProject
Project("{FAE04EC0-301F-11D3-BF4B-00C04F79EFBC}") = "Problem18", "Problem18\Problem18.csproj", "{763A2A86-EEB9-4ED2-872E-535F40DB9BC1}"
EndProject
Project("{FAE04EC0-301F-11D3-BF4B-00C04F79EFBC}") = "Problem28", "Problem28\Problem28.csproj", "{C2467C8E-2D83-41E8-A190-274CD1E190CF}"
EndProject
Project("{FAE04EC0-301F-11D3-BF4B-00C04F79EFBC}") = "Problem67", "Problem67\Problem67.csproj", "{8729056F-D55A-4BE2-8FC4-5095A0485829}"
EndProject
Project("{FAE04EC0-301F-11D3-BF4B-00C04F79EFBC}") = "Problem75", "Problem75\Problem75.csproj", "{9F950714-7E18-442F-879A-3C386EB7541B}"
EndProject
Project("{FAE04EC0-301F-11D3-BF4B-00C04F79EFBC}") = "Problem19", "Problem19\Problem19.csproj", "{B44508C6-3F26-46E6-AF6F-0B6B38627543}"
EndProject
Project("{FAE04EC0-301F-11D3-BF4B-00C04F79EFBC}") = "Problem22", "Problem22\Problem22.csproj", "{31BAD2E8-DBB8-43DE-B24D-12F7229CFBC5}"
EndProject
Project("{FAE04EC0-301F-11D3-BF4B-00C04F79EFBC}") = "Problem53", "Problem53\Problem53.csproj", "{39A564CB-55D2-416C-B9B8-560F5881FF44}"
EndProject
Project("{FAE04EC0-301F-11D3-BF4B-00C04F79EFBC}") = "Problem41", "Problem41\Problem41.csproj", "{F8342CBF-827A-49D1-A1A7-055A5CE96066}"
EndProject
Project("{FAE04EC0-301F-11D3-BF4B-00C04F79EFBC}") = "Problem35", "Problem35\Problem35.csproj", "{0DA955FA-ADE5-403D-AA7A-52CA709136CC}"
EndProject
Project("{FAE04EC0-301F-11D3-BF4B-00C04F79EFBC}") = "Problem15", "Problem15\Problem15.csproj", "{7FC14F98-A1FF-439D-BF96-912A46FC5DDF}"
EndProject
Project("{FAE04EC0-301F-11D3-BF4B-00C04F79EFBC}") = "Problem34", "Problem34\Problem34.csproj", "{48EB7A5D-0566-468A-B1D4-BF6CF6D3522F}"
EndProject
Project("{FAE04EC0-301F-11D3-BF4B-00C04F79EFBC}") = "Problem206", "Problem206\Problem206.csproj", "{44669C67-30DE-463A-B7BC-51BA2A4430DB}"
EndProject
Project("{FAE04EC0-301F-11D3-BF4B-00C04F79EFBC}") = "Problem205", "Problem205\Problem205.csproj", "{29AB56C4-624A-4936-921F-42964ED816B9}"
EndProject
Project("{FAE04EC0-301F-11D3-BF4B-00C04F79EFBC}") = "Problem48", "Problem48\Problem48.csproj", "{394E7508-3698-4E82-96DB-070EB80DC6DA}"
EndProject
Project("{FAE04EC0-301F-11D3-BF4B-00C04F79EFBC}") = "Problem16", "Problem16\Problem16.csproj", "{D5678EE3-5765-4056-BE2F-92D3DE4DFFC4}"
EndProject
Project("{FAE04EC0-301F-11D3-BF4B-00C04F79EFBC}") = "Problem318", "Problem318\Problem318.csproj", "{F5B31336-85C6-48F8-9AA8-09AB1494BAF6}"
EndProject
Project("{FAE04EC0-301F-11D3-BF4B-00C04F79EFBC}") = "Problem23", "Problem23\Problem23.csproj", "{B550A8F7-AD9F-4DE9-963E-D7D940C5936B}"
EndProject
Project("{FAE04EC0-301F-11D3-BF4B-00C04F79EFBC}") = "Problem52", "Problem52\Problem52.csproj", "{CCFBA79F-C290-44C1-B7DF-075CFABC6A9D}"
EndProject
Project("{FAE04EC0-301F-11D3-BF4B-00C04F79EFBC}") = "Problem97", "Problem97\Problem97.csproj", "{9C74D02B-0DF9-4620-9B8D-E0B517F0BEB1}"
EndProject
Project("{FAE04EC0-301F-11D3-BF4B-00C04F79EFBC}") = "Problem30", "Problem30\Problem30.csproj", "{8AB64DFC-83D2-4194-B5DA-A4974CA374E2}"
EndProject
Project("{FAE04EC0-301F-11D3-BF4B-00C04F79EFBC}") = "Problem79", "Problem79\Problem79.csproj", "{46A721B7-3CD6-4B63-91E5-0850CEC91D5F}"
EndProject
Project("{FAE04EC0-301F-11D3-BF4B-00C04F79EFBC}") = "Problem27", "Problem27\Problem27.csproj", "{B46493C6-A05C-4DC5-A139-94DE62B3A33C}"
EndProject
Project("{FAE04EC0-301F-11D3-BF4B-00C04F79EFBC}") = "Problem42", "Problem42\Problem42.csproj", "{0592ECF3-DCC8-4934-BBC8-253969BBD4F4}"
EndProject
Project("{FAE04EC0-301F-11D3-BF4B-00C04F79EFBC}") = "Problem24", "Problem24\Problem24.csproj", "{D0163C32-88FF-4090-9969-94263750727F}"
EndProject
Project("{FAE04EC0-301F-11D3-BF4B-00C04F79EFBC}") = "Problem36", "Problem36\Problem36.csproj", "{D0AEC494-9E37-4CA0-A3FB-6C815DFA74EA}"
EndProject
Project("{FAE04EC0-301F-11D3-BF4B-00C04F79EFBC}") = "Problem29", "Problem29\Problem29.csproj", "{91B3374D-9885-4158-A415-DD73CEAE0A56}"
EndProject
Project("{FAE04EC0-301F-11D3-BF4B-00C04F79EFBC}") = "Problem40", "Problem40\Problem40.csproj", "{CF6C06AE-483B-4E7F-8524-758CBC9727DA}"
EndProject
Project("{FAE04EC0-301F-11D3-BF4B-00C04F79EFBC}") = "Problem31", "Problem31\Problem31.csproj", "{38BA973A-CB2E-4297-8310-BE23B2A93EF7}"
EndProject
Project("{FAE04EC0-301F-11D3-BF4B-00C04F79EFBC}") = "Problem37", "Problem37\Problem37.csproj", "{494777A1-81BD-4233-955F-3BB480FF46BA}"
EndProject
Project("{FAE04EC0-301F-11D3-BF4B-00C04F79EFBC}") = "Problem63", "Problem63\Problem63.csproj", "{1E248042-F912-44E3-B97A-95CE791CD8E2}"
EndProject
Project("{FAE04EC0-301F-11D3-BF4B-00C04F79EFBC}") = "Problem39", "Problem39\Problem39.csproj", "{332E9FF8-CDA8-4AD7-96BA-185B3A0CEEE6}"
EndProject
Project("{FAE04EC0-301F-11D3-BF4B-00C04F79EFBC}") = "Problem33", "Problem33\Problem33.csproj", "{6A3D02AA-34CE-41F8-8DE3-3931D30D6714}"
EndProject
Project("{FAE04EC0-301F-11D3-BF4B-00C04F79EFBC}") = "Problem92", "Problem92\Problem92.csproj", "{154D3418-46F5-4A2E-8285-272172AAAC28}"
EndProject
Project("{FAE04EC0-301F-11D3-BF4B-00C04F79EFBC}") = "Problem56", "Problem56\Problem56.csproj", "{0C71D59D-15B6-4550-958F-F38F739A6205}"
EndProject
Project("{FAE04EC0-301F-11D3-BF4B-00C04F79EFBC}") = "Problem55", "Problem55\Problem55.csproj", "{75529B12-C860-489E-A9B2-1E083E039ED8}"
EndProject
Project("{FAE04EC0-301F-11D3-BF4B-00C04F79EFBC}") = "Problem38", "Problem38\Problem38.csproj", "{25FB2232-49E4-4CFB-B400-D5055CED1BFF}"
EndProject
Project("{FAE04EC0-301F-11D3-BF4B-00C04F79EFBC}") = "Problem43", "Problem43\Problem43.csproj", "{D4C00A2F-4E14-4825-B818-88E26F524194}"
EndProject
Project("{FAE04EC0-301F-11D3-BF4B-00C04F79EFBC}") = "Problem44", "Problem44\Problem44.csproj", "{9116F36A-EC3E-4440-BE4C-5728D86B0A0A}"
EndProject
Global
	GlobalSection(SolutionConfigurationPlatforms) = preSolution
		Debug|x86 = Debug|x86
		Release|x86 = Release|x86
	EndGlobalSection
	GlobalSection(ProjectConfigurationPlatforms) = postSolution
		{BED17A7E-28AE-43E6-BC6B-8855F6292449}.Debug|x86.ActiveCfg = Debug|x86
		{BED17A7E-28AE-43E6-BC6B-8855F6292449}.Debug|x86.Build.0 = Debug|x86
		{BED17A7E-28AE-43E6-BC6B-8855F6292449}.Release|x86.ActiveCfg = Release|x86
		{BED17A7E-28AE-43E6-BC6B-8855F6292449}.Release|x86.Build.0 = Release|x86
		{881FD978-B8EF-452F-AA40-91DB79A87A34}.Debug|x86.ActiveCfg = Debug|x86
		{881FD978-B8EF-452F-AA40-91DB79A87A34}.Debug|x86.Build.0 = Debug|x86
		{881FD978-B8EF-452F-AA40-91DB79A87A34}.Release|x86.ActiveCfg = Release|x86
		{881FD978-B8EF-452F-AA40-91DB79A87A34}.Release|x86.Build.0 = Release|x86
		{F59929C1-20B1-4E9A-92F5-3D8894EAB0AA}.Debug|x86.ActiveCfg = Debug|x86
		{F59929C1-20B1-4E9A-92F5-3D8894EAB0AA}.Debug|x86.Build.0 = Debug|x86
		{F59929C1-20B1-4E9A-92F5-3D8894EAB0AA}.Release|x86.ActiveCfg = Release|x86
		{F59929C1-20B1-4E9A-92F5-3D8894EAB0AA}.Release|x86.Build.0 = Release|x86
		{8BFF3713-1B9C-4495-BAE5-63180EBC12ED}.Debug|x86.ActiveCfg = Debug|x86
		{8BFF3713-1B9C-4495-BAE5-63180EBC12ED}.Debug|x86.Build.0 = Debug|x86
		{8BFF3713-1B9C-4495-BAE5-63180EBC12ED}.Release|x86.ActiveCfg = Release|x86
		{8BFF3713-1B9C-4495-BAE5-63180EBC12ED}.Release|x86.Build.0 = Release|x86
		{0630B585-D94D-426D-8E1A-C5FFDD6B03A0}.Debug|x86.ActiveCfg = Debug|x86
		{0630B585-D94D-426D-8E1A-C5FFDD6B03A0}.Debug|x86.Build.0 = Debug|x86
		{0630B585-D94D-426D-8E1A-C5FFDD6B03A0}.Release|x86.ActiveCfg = Release|x86
		{0630B585-D94D-426D-8E1A-C5FFDD6B03A0}.Release|x86.Build.0 = Release|x86
		{3737939A-166B-4E37-AB68-BA0083716737}.Debug|x86.ActiveCfg = Debug|x86
		{3737939A-166B-4E37-AB68-BA0083716737}.Debug|x86.Build.0 = Debug|x86
		{3737939A-166B-4E37-AB68-BA0083716737}.Release|x86.ActiveCfg = Release|x86
		{3737939A-166B-4E37-AB68-BA0083716737}.Release|x86.Build.0 = Release|x86
		{2006175D-45F7-42FE-86B6-AFA54E2B4074}.Debug|x86.ActiveCfg = Debug|x86
		{2006175D-45F7-42FE-86B6-AFA54E2B4074}.Debug|x86.Build.0 = Debug|x86
		{2006175D-45F7-42FE-86B6-AFA54E2B4074}.Release|x86.ActiveCfg = Release|x86
		{2006175D-45F7-42FE-86B6-AFA54E2B4074}.Release|x86.Build.0 = Release|x86
		{49F05868-2794-496B-A15D-2E08C9240C40}.Debug|x86.ActiveCfg = Debug|x86
		{49F05868-2794-496B-A15D-2E08C9240C40}.Debug|x86.Build.0 = Debug|x86
		{49F05868-2794-496B-A15D-2E08C9240C40}.Release|x86.ActiveCfg = Release|x86
		{49F05868-2794-496B-A15D-2E08C9240C40}.Release|x86.Build.0 = Release|x86
		{B730AE50-6185-485B-B267-D13944B09730}.Debug|x86.ActiveCfg = Debug|x86
		{B730AE50-6185-485B-B267-D13944B09730}.Debug|x86.Build.0 = Debug|x86
		{B730AE50-6185-485B-B267-D13944B09730}.Release|x86.ActiveCfg = Release|x86
		{B730AE50-6185-485B-B267-D13944B09730}.Release|x86.Build.0 = Release|x86
		{2EBC6236-17AE-4854-A3FB-C1673D133C44}.Debug|x86.ActiveCfg = Debug|x86
		{2EBC6236-17AE-4854-A3FB-C1673D133C44}.Debug|x86.Build.0 = Debug|x86
		{2EBC6236-17AE-4854-A3FB-C1673D133C44}.Release|x86.ActiveCfg = Release|x86
		{2EBC6236-17AE-4854-A3FB-C1673D133C44}.Release|x86.Build.0 = Release|x86
		{D3187D4E-D27E-43DC-9374-D85D127BDEF8}.Debug|x86.ActiveCfg = Debug|x86
		{D3187D4E-D27E-43DC-9374-D85D127BDEF8}.Debug|x86.Build.0 = Debug|x86
		{D3187D4E-D27E-43DC-9374-D85D127BDEF8}.Release|x86.ActiveCfg = Release|x86
		{D3187D4E-D27E-43DC-9374-D85D127BDEF8}.Release|x86.Build.0 = Release|x86
		{0E94FA44-8B81-4AA0-A286-E58440FCE29B}.Debug|x86.ActiveCfg = Debug|x86
		{0E94FA44-8B81-4AA0-A286-E58440FCE29B}.Debug|x86.Build.0 = Debug|x86
		{0E94FA44-8B81-4AA0-A286-E58440FCE29B}.Release|x86.ActiveCfg = Release|x86
		{0E94FA44-8B81-4AA0-A286-E58440FCE29B}.Release|x86.Build.0 = Release|x86
		{9DEA1732-AD48-4CFB-99A6-A2CFDFD46093}.Debug|x86.ActiveCfg = Debug|x86
		{9DEA1732-AD48-4CFB-99A6-A2CFDFD46093}.Debug|x86.Build.0 = Debug|x86
		{9DEA1732-AD48-4CFB-99A6-A2CFDFD46093}.Release|x86.ActiveCfg = Release|x86
		{9DEA1732-AD48-4CFB-99A6-A2CFDFD46093}.Release|x86.Build.0 = Release|x86
		{4893D670-B196-4A7C-B074-A4C24FEC5655}.Debug|x86.ActiveCfg = Debug|x86
		{4893D670-B196-4A7C-B074-A4C24FEC5655}.Debug|x86.Build.0 = Debug|x86
		{4893D670-B196-4A7C-B074-A4C24FEC5655}.Release|x86.ActiveCfg = Release|x86
		{4893D670-B196-4A7C-B074-A4C24FEC5655}.Release|x86.Build.0 = Release|x86
		{321F2055-2D9A-417C-9F8E-7F692556B265}.Debug|x86.ActiveCfg = Debug|x86
		{321F2055-2D9A-417C-9F8E-7F692556B265}.Debug|x86.Build.0 = Debug|x86
		{321F2055-2D9A-417C-9F8E-7F692556B265}.Release|x86.ActiveCfg = Release|x86
		{321F2055-2D9A-417C-9F8E-7F692556B265}.Release|x86.Build.0 = Release|x86
		{13232EAD-E054-4E22-B90B-6E8C96165B15}.Debug|x86.ActiveCfg = Debug|x86
		{13232EAD-E054-4E22-B90B-6E8C96165B15}.Debug|x86.Build.0 = Debug|x86
		{13232EAD-E054-4E22-B90B-6E8C96165B15}.Release|x86.ActiveCfg = Release|x86
		{13232EAD-E054-4E22-B90B-6E8C96165B15}.Release|x86.Build.0 = Release|x86
		{A5586CEF-8B9C-4C9A-B5C0-92BF4A2CE520}.Debug|x86.ActiveCfg = Debug|x86
		{A5586CEF-8B9C-4C9A-B5C0-92BF4A2CE520}.Debug|x86.Build.0 = Debug|x86
		{A5586CEF-8B9C-4C9A-B5C0-92BF4A2CE520}.Release|x86.ActiveCfg = Release|x86
		{A5586CEF-8B9C-4C9A-B5C0-92BF4A2CE520}.Release|x86.Build.0 = Release|x86
		{8D0E5DDE-D82C-44EB-9B64-7CE18D6472CD}.Debug|x86.ActiveCfg = Debug|x86
		{8D0E5DDE-D82C-44EB-9B64-7CE18D6472CD}.Debug|x86.Build.0 = Debug|x86
		{8D0E5DDE-D82C-44EB-9B64-7CE18D6472CD}.Release|x86.ActiveCfg = Release|x86
		{8D0E5DDE-D82C-44EB-9B64-7CE18D6472CD}.Release|x86.Build.0 = Release|x86
		{D0D68013-8F08-4FE6-9445-FB45459CC070}.Debug|x86.ActiveCfg = Debug|x86
		{D0D68013-8F08-4FE6-9445-FB45459CC070}.Debug|x86.Build.0 = Debug|x86
		{D0D68013-8F08-4FE6-9445-FB45459CC070}.Release|x86.ActiveCfg = Release|x86
		{D0D68013-8F08-4FE6-9445-FB45459CC070}.Release|x86.Build.0 = Release|x86
		{049D228F-F120-4C0A-83E6-97F1BF74BBF1}.Debug|x86.ActiveCfg = Debug|x86
		{049D228F-F120-4C0A-83E6-97F1BF74BBF1}.Debug|x86.Build.0 = Debug|x86
		{049D228F-F120-4C0A-83E6-97F1BF74BBF1}.Release|x86.ActiveCfg = Release|x86
		{049D228F-F120-4C0A-83E6-97F1BF74BBF1}.Release|x86.Build.0 = Release|x86
		{3C9F76F5-0003-4D09-9038-E26C98007037}.Debug|x86.ActiveCfg = Debug|x86
		{3C9F76F5-0003-4D09-9038-E26C98007037}.Debug|x86.Build.0 = Debug|x86
		{3C9F76F5-0003-4D09-9038-E26C98007037}.Release|x86.ActiveCfg = Release|x86
		{3C9F76F5-0003-4D09-9038-E26C98007037}.Release|x86.Build.0 = Release|x86
		{D99C5919-43B8-4A95-A730-E1BD69C3E2E7}.Debug|x86.ActiveCfg = Debug|x86
		{D99C5919-43B8-4A95-A730-E1BD69C3E2E7}.Debug|x86.Build.0 = Debug|x86
		{D99C5919-43B8-4A95-A730-E1BD69C3E2E7}.Release|x86.ActiveCfg = Release|x86
		{D99C5919-43B8-4A95-A730-E1BD69C3E2E7}.Release|x86.Build.0 = Release|x86
		{74DFD077-363C-477C-BD48-F521DB434F05}.Debug|x86.ActiveCfg = Debug|x86
		{74DFD077-363C-477C-BD48-F521DB434F05}.Debug|x86.Build.0 = Debug|x86
		{74DFD077-363C-477C-BD48-F521DB434F05}.Release|x86.ActiveCfg = Release|x86
		{74DFD077-363C-477C-BD48-F521DB434F05}.Release|x86.Build.0 = Release|x86
		{763A2A86-EEB9-4ED2-872E-535F40DB9BC1}.Debug|x86.ActiveCfg = Debug|x86
		{763A2A86-EEB9-4ED2-872E-535F40DB9BC1}.Debug|x86.Build.0 = Debug|x86
		{763A2A86-EEB9-4ED2-872E-535F40DB9BC1}.Release|x86.ActiveCfg = Release|x86
		{763A2A86-EEB9-4ED2-872E-535F40DB9BC1}.Release|x86.Build.0 = Release|x86
		{C2467C8E-2D83-41E8-A190-274CD1E190CF}.Debug|x86.ActiveCfg = Debug|x86
		{C2467C8E-2D83-41E8-A190-274CD1E190CF}.Debug|x86.Build.0 = Debug|x86
		{C2467C8E-2D83-41E8-A190-274CD1E190CF}.Release|x86.ActiveCfg = Release|x86
		{C2467C8E-2D83-41E8-A190-274CD1E190CF}.Release|x86.Build.0 = Release|x86
		{8729056F-D55A-4BE2-8FC4-5095A0485829}.Debug|x86.ActiveCfg = Debug|x86
		{8729056F-D55A-4BE2-8FC4-5095A0485829}.Debug|x86.Build.0 = Debug|x86
		{8729056F-D55A-4BE2-8FC4-5095A0485829}.Release|x86.ActiveCfg = Release|x86
		{8729056F-D55A-4BE2-8FC4-5095A0485829}.Release|x86.Build.0 = Release|x86
		{9F950714-7E18-442F-879A-3C386EB7541B}.Debug|x86.ActiveCfg = Debug|x86
		{9F950714-7E18-442F-879A-3C386EB7541B}.Debug|x86.Build.0 = Debug|x86
		{9F950714-7E18-442F-879A-3C386EB7541B}.Release|x86.ActiveCfg = Release|x86
		{9F950714-7E18-442F-879A-3C386EB7541B}.Release|x86.Build.0 = Release|x86
		{B44508C6-3F26-46E6-AF6F-0B6B38627543}.Debug|x86.ActiveCfg = Debug|x86
		{B44508C6-3F26-46E6-AF6F-0B6B38627543}.Debug|x86.Build.0 = Debug|x86
		{B44508C6-3F26-46E6-AF6F-0B6B38627543}.Release|x86.ActiveCfg = Release|x86
		{B44508C6-3F26-46E6-AF6F-0B6B38627543}.Release|x86.Build.0 = Release|x86
		{31BAD2E8-DBB8-43DE-B24D-12F7229CFBC5}.Debug|x86.ActiveCfg = Debug|x86
		{31BAD2E8-DBB8-43DE-B24D-12F7229CFBC5}.Debug|x86.Build.0 = Debug|x86
		{31BAD2E8-DBB8-43DE-B24D-12F7229CFBC5}.Release|x86.ActiveCfg = Release|x86
		{31BAD2E8-DBB8-43DE-B24D-12F7229CFBC5}.Release|x86.Build.0 = Release|x86
		{39A564CB-55D2-416C-B9B8-560F5881FF44}.Debug|x86.ActiveCfg = Debug|x86
		{39A564CB-55D2-416C-B9B8-560F5881FF44}.Debug|x86.Build.0 = Debug|x86
		{39A564CB-55D2-416C-B9B8-560F5881FF44}.Release|x86.ActiveCfg = Release|x86
		{39A564CB-55D2-416C-B9B8-560F5881FF44}.Release|x86.Build.0 = Release|x86
		{F8342CBF-827A-49D1-A1A7-055A5CE96066}.Debug|x86.ActiveCfg = Debug|x86
		{F8342CBF-827A-49D1-A1A7-055A5CE96066}.Debug|x86.Build.0 = Debug|x86
		{F8342CBF-827A-49D1-A1A7-055A5CE96066}.Release|x86.ActiveCfg = Release|x86
		{F8342CBF-827A-49D1-A1A7-055A5CE96066}.Release|x86.Build.0 = Release|x86
		{0DA955FA-ADE5-403D-AA7A-52CA709136CC}.Debug|x86.ActiveCfg = Debug|x86
		{0DA955FA-ADE5-403D-AA7A-52CA709136CC}.Debug|x86.Build.0 = Debug|x86
		{0DA955FA-ADE5-403D-AA7A-52CA709136CC}.Release|x86.ActiveCfg = Release|x86
		{0DA955FA-ADE5-403D-AA7A-52CA709136CC}.Release|x86.Build.0 = Release|x86
		{7FC14F98-A1FF-439D-BF96-912A46FC5DDF}.Debug|x86.ActiveCfg = Debug|x86
		{7FC14F98-A1FF-439D-BF96-912A46FC5DDF}.Debug|x86.Build.0 = Debug|x86
		{7FC14F98-A1FF-439D-BF96-912A46FC5DDF}.Release|x86.ActiveCfg = Release|x86
		{7FC14F98-A1FF-439D-BF96-912A46FC5DDF}.Release|x86.Build.0 = Release|x86
		{48EB7A5D-0566-468A-B1D4-BF6CF6D3522F}.Debug|x86.ActiveCfg = Debug|x86
		{48EB7A5D-0566-468A-B1D4-BF6CF6D3522F}.Debug|x86.Build.0 = Debug|x86
		{48EB7A5D-0566-468A-B1D4-BF6CF6D3522F}.Release|x86.ActiveCfg = Release|x86
		{48EB7A5D-0566-468A-B1D4-BF6CF6D3522F}.Release|x86.Build.0 = Release|x86
		{44669C67-30DE-463A-B7BC-51BA2A4430DB}.Debug|x86.ActiveCfg = Debug|x86
		{44669C67-30DE-463A-B7BC-51BA2A4430DB}.Debug|x86.Build.0 = Debug|x86
		{44669C67-30DE-463A-B7BC-51BA2A4430DB}.Release|x86.ActiveCfg = Release|x86
		{44669C67-30DE-463A-B7BC-51BA2A4430DB}.Release|x86.Build.0 = Release|x86
		{29AB56C4-624A-4936-921F-42964ED816B9}.Debug|x86.ActiveCfg = Debug|x86
		{29AB56C4-624A-4936-921F-42964ED816B9}.Debug|x86.Build.0 = Debug|x86
		{29AB56C4-624A-4936-921F-42964ED816B9}.Release|x86.ActiveCfg = Release|x86
		{29AB56C4-624A-4936-921F-42964ED816B9}.Release|x86.Build.0 = Release|x86
		{394E7508-3698-4E82-96DB-070EB80DC6DA}.Debug|x86.ActiveCfg = Debug|x86
		{394E7508-3698-4E82-96DB-070EB80DC6DA}.Debug|x86.Build.0 = Debug|x86
		{394E7508-3698-4E82-96DB-070EB80DC6DA}.Release|x86.ActiveCfg = Release|x86
		{394E7508-3698-4E82-96DB-070EB80DC6DA}.Release|x86.Build.0 = Release|x86
		{D5678EE3-5765-4056-BE2F-92D3DE4DFFC4}.Debug|x86.ActiveCfg = Debug|x86
		{D5678EE3-5765-4056-BE2F-92D3DE4DFFC4}.Debug|x86.Build.0 = Debug|x86
		{D5678EE3-5765-4056-BE2F-92D3DE4DFFC4}.Release|x86.ActiveCfg = Release|x86
		{D5678EE3-5765-4056-BE2F-92D3DE4DFFC4}.Release|x86.Build.0 = Release|x86
		{F5B31336-85C6-48F8-9AA8-09AB1494BAF6}.Debug|x86.ActiveCfg = Debug|x86
		{F5B31336-85C6-48F8-9AA8-09AB1494BAF6}.Debug|x86.Build.0 = Debug|x86
		{F5B31336-85C6-48F8-9AA8-09AB1494BAF6}.Release|x86.ActiveCfg = Release|x86
		{F5B31336-85C6-48F8-9AA8-09AB1494BAF6}.Release|x86.Build.0 = Release|x86
		{B550A8F7-AD9F-4DE9-963E-D7D940C5936B}.Debug|x86.ActiveCfg = Debug|x86
		{B550A8F7-AD9F-4DE9-963E-D7D940C5936B}.Debug|x86.Build.0 = Debug|x86
		{B550A8F7-AD9F-4DE9-963E-D7D940C5936B}.Release|x86.ActiveCfg = Release|x86
		{B550A8F7-AD9F-4DE9-963E-D7D940C5936B}.Release|x86.Build.0 = Release|x86
		{CCFBA79F-C290-44C1-B7DF-075CFABC6A9D}.Debug|x86.ActiveCfg = Debug|x86
		{CCFBA79F-C290-44C1-B7DF-075CFABC6A9D}.Debug|x86.Build.0 = Debug|x86
		{CCFBA79F-C290-44C1-B7DF-075CFABC6A9D}.Release|x86.ActiveCfg = Release|x86
		{CCFBA79F-C290-44C1-B7DF-075CFABC6A9D}.Release|x86.Build.0 = Release|x86
		{9C74D02B-0DF9-4620-9B8D-E0B517F0BEB1}.Debug|x86.ActiveCfg = Debug|x86
		{9C74D02B-0DF9-4620-9B8D-E0B517F0BEB1}.Debug|x86.Build.0 = Debug|x86
		{9C74D02B-0DF9-4620-9B8D-E0B517F0BEB1}.Release|x86.ActiveCfg = Release|x86
		{9C74D02B-0DF9-4620-9B8D-E0B517F0BEB1}.Release|x86.Build.0 = Release|x86
		{8AB64DFC-83D2-4194-B5DA-A4974CA374E2}.Debug|x86.ActiveCfg = Debug|x86
		{8AB64DFC-83D2-4194-B5DA-A4974CA374E2}.Debug|x86.Build.0 = Debug|x86
		{8AB64DFC-83D2-4194-B5DA-A4974CA374E2}.Release|x86.ActiveCfg = Release|x86
		{8AB64DFC-83D2-4194-B5DA-A4974CA374E2}.Release|x86.Build.0 = Release|x86
		{46A721B7-3CD6-4B63-91E5-0850CEC91D5F}.Debug|x86.ActiveCfg = Debug|x86
		{46A721B7-3CD6-4B63-91E5-0850CEC91D5F}.Debug|x86.Build.0 = Debug|x86
		{46A721B7-3CD6-4B63-91E5-0850CEC91D5F}.Release|x86.ActiveCfg = Release|x86
		{46A721B7-3CD6-4B63-91E5-0850CEC91D5F}.Release|x86.Build.0 = Release|x86
		{B46493C6-A05C-4DC5-A139-94DE62B3A33C}.Debug|x86.ActiveCfg = Debug|x86
		{B46493C6-A05C-4DC5-A139-94DE62B3A33C}.Debug|x86.Build.0 = Debug|x86
		{B46493C6-A05C-4DC5-A139-94DE62B3A33C}.Release|x86.ActiveCfg = Release|x86
		{B46493C6-A05C-4DC5-A139-94DE62B3A33C}.Release|x86.Build.0 = Release|x86
		{0592ECF3-DCC8-4934-BBC8-253969BBD4F4}.Debug|x86.ActiveCfg = Debug|x86
		{0592ECF3-DCC8-4934-BBC8-253969BBD4F4}.Debug|x86.Build.0 = Debug|x86
		{0592ECF3-DCC8-4934-BBC8-253969BBD4F4}.Release|x86.ActiveCfg = Release|x86
		{0592ECF3-DCC8-4934-BBC8-253969BBD4F4}.Release|x86.Build.0 = Release|x86
		{D0163C32-88FF-4090-9969-94263750727F}.Debug|x86.ActiveCfg = Debug|x86
		{D0163C32-88FF-4090-9969-94263750727F}.Debug|x86.Build.0 = Debug|x86
		{D0163C32-88FF-4090-9969-94263750727F}.Release|x86.ActiveCfg = Release|x86
		{D0163C32-88FF-4090-9969-94263750727F}.Release|x86.Build.0 = Release|x86
		{D0AEC494-9E37-4CA0-A3FB-6C815DFA74EA}.Debug|x86.ActiveCfg = Debug|x86
		{D0AEC494-9E37-4CA0-A3FB-6C815DFA74EA}.Debug|x86.Build.0 = Debug|x86
		{D0AEC494-9E37-4CA0-A3FB-6C815DFA74EA}.Release|x86.ActiveCfg = Release|x86
		{D0AEC494-9E37-4CA0-A3FB-6C815DFA74EA}.Release|x86.Build.0 = Release|x86
		{91B3374D-9885-4158-A415-DD73CEAE0A56}.Debug|x86.ActiveCfg = Debug|x86
		{91B3374D-9885-4158-A415-DD73CEAE0A56}.Debug|x86.Build.0 = Debug|x86
		{91B3374D-9885-4158-A415-DD73CEAE0A56}.Release|x86.ActiveCfg = Release|x86
		{91B3374D-9885-4158-A415-DD73CEAE0A56}.Release|x86.Build.0 = Release|x86
		{CF6C06AE-483B-4E7F-8524-758CBC9727DA}.Debug|x86.ActiveCfg = Debug|x86
		{CF6C06AE-483B-4E7F-8524-758CBC9727DA}.Debug|x86.Build.0 = Debug|x86
		{CF6C06AE-483B-4E7F-8524-758CBC9727DA}.Release|x86.ActiveCfg = Release|x86
		{CF6C06AE-483B-4E7F-8524-758CBC9727DA}.Release|x86.Build.0 = Release|x86
		{38BA973A-CB2E-4297-8310-BE23B2A93EF7}.Debug|x86.ActiveCfg = Debug|x86
		{38BA973A-CB2E-4297-8310-BE23B2A93EF7}.Debug|x86.Build.0 = Debug|x86
		{38BA973A-CB2E-4297-8310-BE23B2A93EF7}.Release|x86.ActiveCfg = Release|x86
		{38BA973A-CB2E-4297-8310-BE23B2A93EF7}.Release|x86.Build.0 = Release|x86
		{494777A1-81BD-4233-955F-3BB480FF46BA}.Debug|x86.ActiveCfg = Debug|x86
		{494777A1-81BD-4233-955F-3BB480FF46BA}.Debug|x86.Build.0 = Debug|x86
		{494777A1-81BD-4233-955F-3BB480FF46BA}.Release|x86.ActiveCfg = Release|x86
		{494777A1-81BD-4233-955F-3BB480FF46BA}.Release|x86.Build.0 = Release|x86
		{1E248042-F912-44E3-B97A-95CE791CD8E2}.Debug|x86.ActiveCfg = Debug|x86
		{1E248042-F912-44E3-B97A-95CE791CD8E2}.Debug|x86.Build.0 = Debug|x86
		{1E248042-F912-44E3-B97A-95CE791CD8E2}.Release|x86.ActiveCfg = Release|x86
		{1E248042-F912-44E3-B97A-95CE791CD8E2}.Release|x86.Build.0 = Release|x86
		{332E9FF8-CDA8-4AD7-96BA-185B3A0CEEE6}.Debug|x86.ActiveCfg = Debug|x86
		{332E9FF8-CDA8-4AD7-96BA-185B3A0CEEE6}.Debug|x86.Build.0 = Debug|x86
		{332E9FF8-CDA8-4AD7-96BA-185B3A0CEEE6}.Release|x86.ActiveCfg = Release|x86
		{332E9FF8-CDA8-4AD7-96BA-185B3A0CEEE6}.Release|x86.Build.0 = Release|x86
		{6A3D02AA-34CE-41F8-8DE3-3931D30D6714}.Debug|x86.ActiveCfg = Debug|x86
		{6A3D02AA-34CE-41F8-8DE3-3931D30D6714}.Debug|x86.Build.0 = Debug|x86
		{6A3D02AA-34CE-41F8-8DE3-3931D30D6714}.Release|x86.ActiveCfg = Release|x86
		{6A3D02AA-34CE-41F8-8DE3-3931D30D6714}.Release|x86.Build.0 = Release|x86
		{154D3418-46F5-4A2E-8285-272172AAAC28}.Debug|x86.ActiveCfg = Debug|x86
		{154D3418-46F5-4A2E-8285-272172AAAC28}.Debug|x86.Build.0 = Debug|x86
		{154D3418-46F5-4A2E-8285-272172AAAC28}.Release|x86.ActiveCfg = Release|x86
		{154D3418-46F5-4A2E-8285-272172AAAC28}.Release|x86.Build.0 = Release|x86
		{0C71D59D-15B6-4550-958F-F38F739A6205}.Debug|x86.ActiveCfg = Debug|x86
		{0C71D59D-15B6-4550-958F-F38F739A6205}.Debug|x86.Build.0 = Debug|x86
		{0C71D59D-15B6-4550-958F-F38F739A6205}.Release|x86.ActiveCfg = Release|x86
		{0C71D59D-15B6-4550-958F-F38F739A6205}.Release|x86.Build.0 = Release|x86
		{75529B12-C860-489E-A9B2-1E083E039ED8}.Debug|x86.ActiveCfg = Debug|x86
		{75529B12-C860-489E-A9B2-1E083E039ED8}.Debug|x86.Build.0 = Debug|x86
		{75529B12-C860-489E-A9B2-1E083E039ED8}.Release|x86.ActiveCfg = Release|x86
		{75529B12-C860-489E-A9B2-1E083E039ED8}.Release|x86.Build.0 = Release|x86
		{25FB2232-49E4-4CFB-B400-D5055CED1BFF}.Debug|x86.ActiveCfg = Debug|x86
		{25FB2232-49E4-4CFB-B400-D5055CED1BFF}.Debug|x86.Build.0 = Debug|x86
		{25FB2232-49E4-4CFB-B400-D5055CED1BFF}.Release|x86.ActiveCfg = Release|x86
		{25FB2232-49E4-4CFB-B400-D5055CED1BFF}.Release|x86.Build.0 = Release|x86
		{D4C00A2F-4E14-4825-B818-88E26F524194}.Debug|x86.ActiveCfg = Debug|x86
		{D4C00A2F-4E14-4825-B818-88E26F524194}.Debug|x86.Build.0 = Debug|x86
		{D4C00A2F-4E14-4825-B818-88E26F524194}.Release|x86.ActiveCfg = Release|x86
		{D4C00A2F-4E14-4825-B818-88E26F524194}.Release|x86.Build.0 = Release|x86
		{9116F36A-EC3E-4440-BE4C-5728D86B0A0A}.Debug|x86.ActiveCfg = Debug|x86
		{9116F36A-EC3E-4440-BE4C-5728D86B0A0A}.Debug|x86.Build.0 = Debug|x86
		{9116F36A-EC3E-4440-BE4C-5728D86B0A0A}.Release|x86.ActiveCfg = Release|x86
		{9116F36A-EC3E-4440-BE4C-5728D86B0A0A}.Release|x86.Build.0 = Release|x86
	EndGlobalSection
	GlobalSection(SolutionProperties) = preSolution
		HideSolutionNode = FALSE
	EndGlobalSection
EndGlobal
